
Microsoft Visual Studio Solution File, Format Version 12.00
# Visual Studio Version 17
VisualStudioVersion = 17.9.34701.34
MinimumVisualStudioVersion = 10.0.40219.1
Project("{FAE04EC0-301F-11D3-BF4B-00C04F79EFBC}") = "ListaDeCompras", "ListaDeCompras\ListaDeCompras.csproj", "{8D91684B-C185-4D92-A367-133CC58A2283}"
EndProject
Global
	GlobalSection(SolutionConfigurationPlatforms) = preSolution
		Debug|Any CPU = Debug|Any CPU
		Release|Any CPU = Release|Any CPU
	EndGlobalSection
	GlobalSection(ProjectConfigurationPlatforms) = postSolution
		{8D91684B-C185-4D92-A367-133CC58A2283}.Debug|Any CPU.ActiveCfg = Debug|Any CPU
		{8D91684B-C185-4D92-A367-133CC58A2283}.Debug|Any CPU.Build.0 = Debug|Any CPU
		{8D91684B-C185-4D92-A367-133CC58A2283}.Release|Any CPU.ActiveCfg = Release|Any CPU
		{8D91684B-C185-4D92-A367-133CC58A2283}.Release|Any CPU.Build.0 = Release|Any CPU
	EndGlobalSection
	GlobalSection(SolutionProperties) = preSolution
		HideSolutionNode = FALSE
	EndGlobalSection
	GlobalSection(ExtensibilityGlobals) = postSolution
		SolutionGuid = {364FDBC6-BF9B-43B1-AC21-FE00293DB12D}
	EndGlobalSection
EndGlobal
